// !$*UTF8*$!
{
	archiveVersion = 1;
	classes = {
	};
	objectVersion = 50;
	objects = {

/* Begin PBXBuildFile section */
		44BFF68523D1632600098C9A /* AppDelegate.swift in Sources */ = {isa = PBXBuildFile; fileRef = 44BFF68423D1632600098C9A /* AppDelegate.swift */; };
		44BFF68723D1632600098C9A /* SceneDelegate.swift in Sources */ = {isa = PBXBuildFile; fileRef = 44BFF68623D1632600098C9A /* SceneDelegate.swift */; };
		44BFF68923D1632600098C9A /* ViewController.swift in Sources */ = {isa = PBXBuildFile; fileRef = 44BFF68823D1632600098C9A /* ViewController.swift */; };
		44BFF68C23D1632600098C9A /* Main.storyboard in Resources */ = {isa = PBXBuildFile; fileRef = 44BFF68A23D1632600098C9A /* Main.storyboard */; };
		44BFF68E23D1632700098C9A /* Assets.xcassets in Resources */ = {isa = PBXBuildFile; fileRef = 44BFF68D23D1632700098C9A /* Assets.xcassets */; };
		44BFF69123D1632700098C9A /* LaunchScreen.storyboard in Resources */ = {isa = PBXBuildFile; fileRef = 44BFF68F23D1632700098C9A /* LaunchScreen.storyboard */; };
		44BFF69C23D1632700098C9A /* TipsTests.swift in Sources */ = {isa = PBXBuildFile; fileRef = 44BFF69B23D1632700098C9A /* TipsTests.swift */; };
		44BFF6A723D1632700098C9A /* TipsUITests.swift in Sources */ = {isa = PBXBuildFile; fileRef = 44BFF6A623D1632700098C9A /* TipsUITests.swift */; };
/* End PBXBuildFile section */

/* Begin PBXContainerItemProxy section */
		44BFF69823D1632700098C9A /* PBXContainerItemProxy */ = {
			isa = PBXContainerItemProxy;
			containerPortal = 44BFF67923D1632600098C9A /* Project object */;
			proxyType = 1;
			remoteGlobalIDString = 44BFF68023D1632600098C9A;
			remoteInfo = Tips;
		};
		44BFF6A323D1632700098C9A /* PBXContainerItemProxy */ = {
			isa = PBXContainerItemProxy;
			containerPortal = 44BFF67923D1632600098C9A /* Project object */;
			proxyType = 1;
			remoteGlobalIDString = 44BFF68023D1632600098C9A;
			remoteInfo = Tips;
		};
/* End PBXContainerItemProxy section */

/* Begin PBXFileReference section */
		44BFF68123D1632600098C9A /* Tips.app */ = {isa = PBXFileReference; explicitFileType = wrapper.application; includeInIndex = 0; path = Tips.app; sourceTree = BUILT_PRODUCTS_DIR; };
		44BFF68423D1632600098C9A /* AppDelegate.swift */ = {isa = PBXFileReference; lastKnownFileType = sourcecode.swift; path = AppDelegate.swift; sourceTree = "<group>"; };
		44BFF68623D1632600098C9A /* SceneDelegate.swift */ = {isa = PBXFileReference; lastKnownFileType = sourcecode.swift; path = SceneDelegate.swift; sourceTree = "<group>"; };
		44BFF68823D1632600098C9A /* ViewController.swift */ = {isa = PBXFileReference; lastKnownFileType = sourcecode.swift; path = ViewController.swift; sourceTree = "<group>"; };
		44BFF68B23D1632600098C9A /* Base */ = {isa = PBXFileReference; lastKnownFileType = file.storyboard; name = Base; path = Base.lproj/Main.storyboard; sourceTree = "<group>"; };
		44BFF68D23D1632700098C9A /* Assets.xcassets */ = {isa = PBXFileReference; lastKnownFileType = folder.assetcatalog; path = Assets.xcassets; sourceTree = "<group>"; };
		44BFF69023D1632700098C9A /* Base */ = {isa = PBXFileReference; lastKnownFileType = file.storyboard; name = Base; path = Base.lproj/LaunchScreen.storyboard; sourceTree = "<group>"; };
		44BFF69223D1632700098C9A /* Info.plist */ = {isa = PBXFileReference; lastKnownFileType = text.plist.xml; path = Info.plist; sourceTree = "<group>"; };
		44BFF69723D1632700098C9A /* TipsTests.xctest */ = {isa = PBXFileReference; explicitFileType = wrapper.cfbundle; includeInIndex = 0; path = TipsTests.xctest; sourceTree = BUILT_PRODUCTS_DIR; };
		44BFF69B23D1632700098C9A /* TipsTests.swift */ = {isa = PBXFileReference; lastKnownFileType = sourcecode.swift; path = TipsTests.swift; sourceTree = "<group>"; };
		44BFF69D23D1632700098C9A /* Info.plist */ = {isa = PBXFileReference; lastKnownFileType = text.plist.xml; path = Info.plist; sourceTree = "<group>"; };
		44BFF6A223D1632700098C9A /* TipsUITests.xctest */ = {isa = PBXFileReference; explicitFileType = wrapper.cfbundle; includeInIndex = 0; path = TipsUITests.xctest; sourceTree = BUILT_PRODUCTS_DIR; };
		44BFF6A623D1632700098C9A /* TipsUITests.swift */ = {isa = PBXFileReference; lastKnownFileType = sourcecode.swift; path = TipsUITests.swift; sourceTree = "<group>"; };
		44BFF6A823D1632700098C9A /* Info.plist */ = {isa = PBXFileReference; lastKnownFileType = text.plist.xml; path = Info.plist; sourceTree = "<group>"; };
/* End PBXFileReference section */

/* Begin PBXFrameworksBuildPhase section */
		44BFF67E23D1632600098C9A /* Frameworks */ = {
			isa = PBXFrameworksBuildPhase;
			buildActionMask = 2147483647;
			files = (
			);
			runOnlyForDeploymentPostprocessing = 0;
		};
		44BFF69423D1632700098C9A /* Frameworks */ = {
			isa = PBXFrameworksBuildPhase;
			buildActionMask = 2147483647;
			files = (
			);
			runOnlyForDeploymentPostprocessing = 0;
		};
		44BFF69F23D1632700098C9A /* Frameworks */ = {
			isa = PBXFrameworksBuildPhase;
			buildActionMask = 2147483647;
			files = (
			);
			runOnlyForDeploymentPostprocessing = 0;
		};
/* End PBXFrameworksBuildPhase section */

/* Begin PBXGroup section */
		44BFF67823D1632600098C9A = {
			isa = PBXGroup;
			children = (
				44BFF68323D1632600098C9A /* Tips */,
				44BFF69A23D1632700098C9A /* TipsTests */,
				44BFF6A523D1632700098C9A /* TipsUITests */,
				44BFF68223D1632600098C9A /* Products */,
			);
			sourceTree = "<group>";
		};
		44BFF68223D1632600098C9A /* Products */ = {
			isa = PBXGroup;
			children = (
				44BFF68123D1632600098C9A /* Tips.app */,
				44BFF69723D1632700098C9A /* TipsTests.xctest */,
				44BFF6A223D1632700098C9A /* TipsUITests.xctest */,
			);
			name = Products;
			sourceTree = "<group>";
		};
		44BFF68323D1632600098C9A /* Tips */ = {
			isa = PBXGroup;
			children = (
				44BFF68423D1632600098C9A /* AppDelegate.swift */,
				44BFF68623D1632600098C9A /* SceneDelegate.swift */,
				44BFF68823D1632600098C9A /* ViewController.swift */,
				44BFF68A23D1632600098C9A /* Main.storyboard */,
				44BFF68D23D1632700098C9A /* Assets.xcassets */,
				44BFF68F23D1632700098C9A /* LaunchScreen.storyboard */,
				44BFF69223D1632700098C9A /* Info.plist */,
			);
			path = Tips;
			sourceTree = "<group>";
		};
		44BFF69A23D1632700098C9A /* TipsTests */ = {
			isa = PBXGroup;
			children = (
				44BFF69B23D1632700098C9A /* TipsTests.swift */,
				44BFF69D23D1632700098C9A /* Info.plist */,
			);
			path = TipsTests;
			sourceTree = "<group>";
		};
		44BFF6A523D1632700098C9A /* TipsUITests */ = {
			isa = PBXGroup;
			children = (
				44BFF6A623D1632700098C9A /* TipsUITests.swift */,
				44BFF6A823D1632700098C9A /* Info.plist */,
			);
			path = TipsUITests;
			sourceTree = "<group>";
		};
/* End PBXGroup section */

/* Begin PBXNativeTarget section */
		44BFF68023D1632600098C9A /* Tips */ = {
			isa = PBXNativeTarget;
			buildConfigurationList = 44BFF6AB23D1632700098C9A /* Build configuration list for PBXNativeTarget "Tips" */;
			buildPhases = (
				44BFF67D23D1632600098C9A /* Sources */,
				44BFF67E23D1632600098C9A /* Frameworks */,
				44BFF67F23D1632600098C9A /* Resources */,
			);
			buildRules = (
			);
			dependencies = (
			);
			name = Tips;
			productName = Tips;
			productReference = 44BFF68123D1632600098C9A /* Tips.app */;
			productType = "com.apple.product-type.application";
		};
		44BFF69623D1632700098C9A /* TipsTests */ = {
			isa = PBXNativeTarget;
			buildConfigurationList = 44BFF6AE23D1632700098C9A /* Build configuration list for PBXNativeTarget "TipsTests" */;
			buildPhases = (
				44BFF69323D1632700098C9A /* Sources */,
				44BFF69423D1632700098C9A /* Frameworks */,
				44BFF69523D1632700098C9A /* Resources */,
			);
			buildRules = (
			);
			dependencies = (
				44BFF69923D1632700098C9A /* PBXTargetDependency */,
			);
			name = TipsTests;
			productName = TipsTests;
			productReference = 44BFF69723D1632700098C9A /* TipsTests.xctest */;
			productType = "com.apple.product-type.bundle.unit-test";
		};
		44BFF6A123D1632700098C9A /* TipsUITests */ = {
			isa = PBXNativeTarget;
			buildConfigurationList = 44BFF6B123D1632700098C9A /* Build configuration list for PBXNativeTarget "TipsUITests" */;
			buildPhases = (
				44BFF69E23D1632700098C9A /* Sources */,
				44BFF69F23D1632700098C9A /* Frameworks */,
				44BFF6A023D1632700098C9A /* Resources */,
			);
			buildRules = (
			);
			dependencies = (
				44BFF6A423D1632700098C9A /* PBXTargetDependency */,
			);
			name = TipsUITests;
			productName = TipsUITests;
			productReference = 44BFF6A223D1632700098C9A /* TipsUITests.xctest */;
			productType = "com.apple.product-type.bundle.ui-testing";
		};
/* End PBXNativeTarget section */

/* Begin PBXProject section */
		44BFF67923D1632600098C9A /* Project object */ = {
			isa = PBXProject;
			attributes = {
				LastSwiftUpdateCheck = 1130;
				LastUpgradeCheck = 1130;
				ORGANIZATIONNAME = "Nasar K Issa";
				TargetAttributes = {
					44BFF68023D1632600098C9A = {
						CreatedOnToolsVersion = 11.3.1;
					};
					44BFF69623D1632700098C9A = {
						CreatedOnToolsVersion = 11.3.1;
						TestTargetID = 44BFF68023D1632600098C9A;
					};
					44BFF6A123D1632700098C9A = {
						CreatedOnToolsVersion = 11.3.1;
						TestTargetID = 44BFF68023D1632600098C9A;
					};
				};
			};
			buildConfigurationList = 44BFF67C23D1632600098C9A /* Build configuration list for PBXProject "Tips" */;
			compatibilityVersion = "Xcode 9.3";
			developmentRegion = en;
			hasScannedForEncodings = 0;
			knownRegions = (
				en,
				Base,
			);
			mainGroup = 44BFF67823D1632600098C9A;
			productRefGroup = 44BFF68223D1632600098C9A /* Products */;
			projectDirPath = "";
			projectRoot = "";
			targets = (
				44BFF68023D1632600098C9A /* Tips */,
				44BFF69623D1632700098C9A /* TipsTests */,
				44BFF6A123D1632700098C9A /* TipsUITests */,
			);
		};
/* End PBXProject section */

/* Begin PBXResourcesBuildPhase section */
		44BFF67F23D1632600098C9A /* Resources */ = {
			isa = PBXResourcesBuildPhase;
			buildActionMask = 2147483647;
			files = (
				44BFF69123D1632700098C9A /* LaunchScreen.storyboard in Resources */,
				44BFF68E23D1632700098C9A /* Assets.xcassets in Resources */,
				44BFF68C23D1632600098C9A /* Main.storyboard in Resources */,
			);
			runOnlyForDeploymentPostprocessing = 0;
		};
		44BFF69523D1632700098C9A /* Resources */ = {
			isa = PBXResourcesBuildPhase;
			buildActionMask = 2147483647;
			files = (
			);
			runOnlyForDeploymentPostprocessing = 0;
		};
		44BFF6A023D1632700098C9A /* Resources */ = {
			isa = PBXResourcesBuildPhase;
			buildActionMask = 2147483647;
			files = (
			);
			runOnlyForDeploymentPostprocessing = 0;
		};
/* End PBXResourcesBuildPhase section */

/* Begin PBXSourcesBuildPhase section */
		44BFF67D23D1632600098C9A /* Sources */ = {
			isa = PBXSourcesBuildPhase;
			buildActionMask = 2147483647;
			files = (
				44BFF68923D1632600098C9A /* ViewController.swift in Sources */,
				44BFF68523D1632600098C9A /* AppDelegate.swift in Sources */,
				44BFF68723D1632600098C9A /* SceneDelegate.swift in Sources */,
			);
			runOnlyForDeploymentPostprocessing = 0;
		};
		44BFF69323D1632700098C9A /* Sources */ = {
			isa = PBXSourcesBuildPhase;
			buildActionMask = 2147483647;
			files = (
				44BFF69C23D1632700098C9A /* TipsTests.swift in Sources */,
			);
			runOnlyForDeploymentPostprocessing = 0;
		};
		44BFF69E23D1632700098C9A /* Sources */ = {
			isa = PBXSourcesBuildPhase;
			buildActionMask = 2147483647;
			files = (
				44BFF6A723D1632700098C9A /* TipsUITests.swift in Sources */,
			);
			runOnlyForDeploymentPostprocessing = 0;
		};
/* End PBXSourcesBuildPhase section */

/* Begin PBXTargetDependency section */
		44BFF69923D1632700098C9A /* PBXTargetDependency */ = {
			isa = PBXTargetDependency;
			target = 44BFF68023D1632600098C9A /* Tips */;
			targetProxy = 44BFF69823D1632700098C9A /* PBXContainerItemProxy */;
		};
		44BFF6A423D1632700098C9A /* PBXTargetDependency */ = {
			isa = PBXTargetDependency;
			target = 44BFF68023D1632600098C9A /* Tips */;
			targetProxy = 44BFF6A323D1632700098C9A /* PBXContainerItemProxy */;
		};
/* End PBXTargetDependency section */

/* Begin PBXVariantGroup section */
		44BFF68A23D1632600098C9A /* Main.storyboard */ = {
			isa = PBXVariantGroup;
			children = (
				44BFF68B23D1632600098C9A /* Base */,
			);
			name = Main.storyboard;
			sourceTree = "<group>";
		};
		44BFF68F23D1632700098C9A /* LaunchScreen.storyboard */ = {
			isa = PBXVariantGroup;
			children = (
				44BFF69023D1632700098C9A /* Base */,
			);
			name = LaunchScreen.storyboard;
			sourceTree = "<group>";
		};
/* End PBXVariantGroup section */

/* Begin XCBuildConfiguration section */
		44BFF6A923D1632700098C9A /* Debug */ = {
			isa = XCBuildConfiguration;
			buildSettings = {
				ALWAYS_SEARCH_USER_PATHS = NO;
				CLANG_ANALYZER_NONNULL = YES;
				CLANG_ANALYZER_NUMBER_OBJECT_CONVERSION = YES_AGGRESSIVE;
				CLANG_CXX_LANGUAGE_STANDARD = "gnu++14";
				CLANG_CXX_LIBRARY = "libc++";
				CLANG_ENABLE_MODULES = YES;
				CLANG_ENABLE_OBJC_ARC = YES;
				CLANG_ENABLE_OBJC_WEAK = YES;
				CLANG_WARN_BLOCK_CAPTURE_AUTORELEASING = YES;
				CLANG_WARN_BOOL_CONVERSION = YES;
				CLANG_WARN_COMMA = YES;
				CLANG_WARN_CONSTANT_CONVERSION = YES;
				CLANG_WARN_DEPRECATED_OBJC_IMPLEMENTATIONS = YES;
				CLANG_WARN_DIRECT_OBJC_ISA_USAGE = YES_ERROR;
				CLANG_WARN_DOCUMENTATION_COMMENTS = YES;
				CLANG_WARN_EMPTY_BODY = YES;
				CLANG_WARN_ENUM_CONVERSION = YES;
				CLANG_WARN_INFINITE_RECURSION = YES;
				CLANG_WARN_INT_CONVERSION = YES;
				CLANG_WARN_NON_LITERAL_NULL_CONVERSION = YES;
				CLANG_WARN_OBJC_IMPLICIT_RETAIN_SELF = YES;
				CLANG_WARN_OBJC_LITERAL_CONVERSION = YES;
				CLANG_WARN_OBJC_ROOT_CLASS = YES_ERROR;
				CLANG_WARN_RANGE_LOOP_ANALYSIS = YES;
				CLANG_WARN_STRICT_PROTOTYPES = YES;
				CLANG_WARN_SUSPICIOUS_MOVE = YES;
				CLANG_WARN_UNGUARDED_AVAILABILITY = YES_AGGRESSIVE;
				CLANG_WARN_UNREACHABLE_CODE = YES;
				CLANG_WARN__DUPLICATE_METHOD_MATCH = YES;
				COPY_PHASE_STRIP = NO;
				DEBUG_INFORMATION_FORMAT = dwarf;
				ENABLE_STRICT_OBJC_MSGSEND = YES;
				ENABLE_TESTABILITY = YES;
				GCC_C_LANGUAGE_STANDARD = gnu11;
				GCC_DYNAMIC_NO_PIC = NO;
				GCC_NO_COMMON_BLOCKS = YES;
				GCC_OPTIMIZATION_LEVEL = 0;
				GCC_PREPROCESSOR_DEFINITIONS = (
					"DEBUG=1",
					"$(inherited)",
				);
				GCC_WARN_64_TO_32_BIT_CONVERSION = YES;
				GCC_WARN_ABOUT_RETURN_TYPE = YES_ERROR;
				GCC_WARN_UNDECLARED_SELECTOR = YES;
				GCC_WARN_UNINITIALIZED_AUTOS = YES_AGGRESSIVE;
				GCC_WARN_UNUSED_FUNCTION = YES;
				GCC_WARN_UNUSED_VARIABLE = YES;
				IPHONEOS_DEPLOYMENT_TARGET = 13.2;
				MTL_ENABLE_DEBUG_INFO = INCLUDE_SOURCE;
				MTL_FAST_MATH = YES;
				ONLY_ACTIVE_ARCH = YES;
				SDKROOT = iphoneos;
				SWIFT_ACTIVE_COMPILATION_CONDITIONS = DEBUG;
				SWIFT_OPTIMIZATION_LEVEL = "-Onone";
			};
			name = Debug;
		};
		44BFF6AA23D1632700098C9A /* Release */ = {
			isa = XCBuildConfiguration;
			buildSettings = {
				ALWAYS_SEARCH_USER_PATHS = NO;
				CLANG_ANALYZER_NONNULL = YES;
				CLANG_ANALYZER_NUMBER_OBJECT_CONVERSION = YES_AGGRESSIVE;
				CLANG_CXX_LANGUAGE_STANDARD = "gnu++14";
				CLANG_CXX_LIBRARY = "libc++";
				CLANG_ENABLE_MODULES = YES;
				CLANG_ENABLE_OBJC_ARC = YES;
				CLANG_ENABLE_OBJC_WEAK = YES;
				CLANG_WARN_BLOCK_CAPTURE_AUTORELEASING = YES;
				CLANG_WARN_BOOL_CONVERSION = YES;
				CLANG_WARN_COMMA = YES;
				CLANG_WARN_CONSTANT_CONVERSION = YES;
				CLANG_WARN_DEPRECATED_OBJC_IMPLEMENTATIONS = YES;
				CLANG_WARN_DIRECT_OBJC_ISA_USAGE = YES_ERROR;
				CLANG_WARN_DOCUMENTATION_COMMENTS = YES;
				CLANG_WARN_EMPTY_BODY = YES;
				CLANG_WARN_ENUM_CONVERSION = YES;
				CLANG_WARN_INFINITE_RECURSION = YES;
				CLANG_WARN_INT_CONVERSION = YES;
				CLANG_WARN_NON_LITERAL_NULL_CONVERSION = YES;
				CLANG_WARN_OBJC_IMPLICIT_RETAIN_SELF = YES;
				CLANG_WARN_OBJC_LITERAL_CONVERSION = YES;
				CLANG_WARN_OBJC_ROOT_CLASS = YES_ERROR;
				CLANG_WARN_RANGE_LOOP_ANALYSIS = YES;
				CLANG_WARN_STRICT_PROTOTYPES = YES;
				CLANG_WARN_SUSPICIOUS_MOVE = YES;
				CLANG_WARN_UNGUARDED_AVAILABILITY = YES_AGGRESSIVE;
				CLANG_WARN_UNREACHABLE_CODE = YES;
				CLANG_WARN__DUPLICATE_METHOD_MATCH = YES;
				COPY_PHASE_STRIP = NO;
				DEBUG_INFORMATION_FORMAT = "dwarf-with-dsym";
				ENABLE_NS_ASSERTIONS = NO;
				ENABLE_STRICT_OBJC_MSGSEND = YES;
				GCC_C_LANGUAGE_STANDARD = gnu11;
				GCC_NO_COMMON_BLOCKS = YES;
				GCC_WARN_64_TO_32_BIT_CONVERSION = YES;
				GCC_WARN_ABOUT_RETURN_TYPE = YES_ERROR;
				GCC_WARN_UNDECLARED_SELECTOR = YES;
				GCC_WARN_UNINITIALIZED_AUTOS = YES_AGGRESSIVE;
				GCC_WARN_UNUSED_FUNCTION = YES;
				GCC_WARN_UNUSED_VARIABLE = YES;
				IPHONEOS_DEPLOYMENT_TARGET = 13.2;
				MTL_ENABLE_DEBUG_INFO = NO;
				MTL_FAST_MATH = YES;
				SDKROOT = iphoneos;
				SWIFT_COMPILATION_MODE = wholemodule;
				SWIFT_OPTIMIZATION_LEVEL = "-O";
				VALIDATE_PRODUCT = YES;
			};
			name = Release;
		};
		44BFF6AC23D1632700098C9A /* Debug */ = {
			isa = XCBuildConfiguration;
			buildSettings = {
				ASSETCATALOG_COMPILER_APPICON_NAME = AppIcon;
				CODE_SIGN_STYLE = Automatic;
				INFOPLIST_FILE = Tips/Info.plist;
				LD_RUNPATH_SEARCH_PATHS = (
					"$(inherited)",
					"@executable_path/Frameworks",
				);
				PRODUCT_BUNDLE_IDENTIFIER = com.nasar.Tips;
				PRODUCT_NAME = "$(TARGET_NAME)";
				SWIFT_VERSION = 5.0;
				TARGETED_DEVICE_FAMILY = "1,2";
			};
			name = Debug;
		};
		44BFF6AD23D1632700098C9A /* Release */ = {
			isa = XCBuildConfiguration;
			buildSettings = {
				ASSETCATALOG_COMPILER_APPICON_NAME = AppIcon;
				CODE_SIGN_STYLE = Automatic;
				INFOPLIST_FILE = Tips/Info.plist;
				LD_RUNPATH_SEARCH_PATHS = (
					"$(inherited)",
					"@executable_path/Frameworks",
				);
				PRODUCT_BUNDLE_IDENTIFIER = com.nasar.Tips;
				PRODUCT_NAME = "$(TARGET_NAME)";
				SWIFT_VERSION = 5.0;
				TARGETED_DEVICE_FAMILY = "1,2";
			};
			name = Release;
		};
		44BFF6AF23D1632700098C9A /* Debug */ = {
			isa = XCBuildConfiguration;
			buildSettings = {
				ALWAYS_EMBED_SWIFT_STANDARD_LIBRARIES = YES;
				BUNDLE_LOADER = "$(TEST_HOST)";
				CODE_SIGN_STYLE = Automatic;
				INFOPLIST_FILE = TipsTests/Info.plist;
				IPHONEOS_DEPLOYMENT_TARGET = 13.2;
				LD_RUNPATH_SEARCH_PATHS = (
					"$(inherited)",
					"@executable_path/Frameworks",
					"@loader_path/Frameworks",
				);
				PRODUCT_BUNDLE_IDENTIFIER = com.nasar.TipsTests;
				PRODUCT_NAME = "$(TARGET_NAME)";
				SWIFT_VERSION = 5.0;
				TARGETED_DEVICE_FAMILY = "1,2";
				TEST_HOST = "$(BUILT_PRODUCTS_DIR)/Tips.app/Tips";
			};
			name = Debug;
		};
		44BFF6B023D1632700098C9A /* Release */ = {
			isa = XCBuildConfiguration;
			buildSettings = {
				ALWAYS_EMBED_SWIFT_STANDARD_LIBRARIES = YES;
				BUNDLE_LOADER = "$(TEST_HOST)";
				CODE_SIGN_STYLE = Automatic;
				INFOPLIST_FILE = TipsTests/Info.plist;
				IPHONEOS_DEPLOYMENT_TARGET = 13.2;
				LD_RUNPATH_SEARCH_PATHS = (
					"$(inherited)",
					"@executable_path/Frameworks",
					"@loader_path/Frameworks",
				);
				PRODUCT_BUNDLE_IDENTIFIER = com.nasar.TipsTests;
				PRODUCT_NAME = "$(TARGET_NAME)";
				SWIFT_VERSION = 5.0;
				TARGETED_DEVICE_FAMILY = "1,2";
				TEST_HOST = "$(BUILT_PRODUCTS_DIR)/Tips.app/Tips";
			};
			name = Release;
		};
		44BFF6B223D1632700098C9A /* Debug */ = {
			isa = XCBuildConfiguration;
			buildSettings = {
				ALWAYS_EMBED_SWIFT_STANDARD_LIBRARIES = YES;
				CODE_SIGN_STYLE = Automatic;
				INFOPLIST_FILE = TipsUITests/Info.plist;
				LD_RUNPATH_SEARCH_PATHS = (
					"$(inherited)",
					"@executable_path/Frameworks",
					"@loader_path/Frameworks",
				);
				PRODUCT_BUNDLE_IDENTIFIER = com.nasar.TipsUITests;
				PRODUCT_NAME = "$(TARGET_NAME)";
				SWIFT_VERSION = 5.0;
				TARGETED_DEVICE_FAMILY = "1,2";
				TEST_TARGET_NAME = Tips;
			};
			name = Debug;
		};
		44BFF6B323D1632700098C9A /* Release */ = {
			isa = XCBuildConfiguration;
			buildSettings = {
				ALWAYS_EMBED_SWIFT_STANDARD_LIBRARIES = YES;
				CODE_SIGN_STYLE = Automatic;
				INFOPLIST_FILE = TipsUITests/Info.plist;
				LD_RUNPATH_SEARCH_PATHS = (
					"$(inherited)",
					"@executable_path/Frameworks",
					"@loader_path/Frameworks",
				);
				PRODUCT_BUNDLE_IDENTIFIER = com.nasar.TipsUITests;
				PRODUCT_NAME = "$(TARGET_NAME)";
				SWIFT_VERSION = 5.0;
				TARGETED_DEVICE_FAMILY = "1,2";
				TEST_TARGET_NAME = Tips;
			};
			name = Release;
		};
/* End XCBuildConfiguration section */

/* Begin XCConfigurationList section */
		44BFF67C23D1632600098C9A /* Build configuration list for PBXProject "Tips" */ = {
			isa = XCConfigurationList;
			buildConfigurations = (
				44BFF6A923D1632700098C9A /* Debug */,
				44BFF6AA23D1632700098C9A /* Release */,
			);
			defaultConfigurationIsVisible = 0;
			defaultConfigurationName = Release;
		};
		44BFF6AB23D1632700098C9A /* Build configuration list for PBXNativeTarget "Tips" */ = {
			isa = XCConfigurationList;
			buildConfigurations = (
				44BFF6AC23D1632700098C9A /* Debug */,
				44BFF6AD23D1632700098C9A /* Release */,
			);
			defaultConfigurationIsVisible = 0;
			defaultConfigurationName = Release;
		};
		44BFF6AE23D1632700098C9A /* Build configuration list for PBXNativeTarget "TipsTests" */ = {
			isa = XCConfigurationList;
			buildConfigurations = (
				44BFF6AF23D1632700098C9A /* Debug */,
				44BFF6B023D1632700098C9A /* Release */,
			);
			defaultConfigurationIsVisible = 0;
			defaultConfigurationName = Release;
		};
		44BFF6B123D1632700098C9A /* Build configuration list for PBXNativeTarget "TipsUITests" */ = {
			isa = XCConfigurationList;
			buildConfigurations = (
				44BFF6B223D1632700098C9A /* Debug */,
				44BFF6B323D1632700098C9A /* Release */,
			);
			defaultConfigurationIsVisible = 0;
			defaultConfigurationName = Release;
		};
/* End XCConfigurationList section */
	};
	rootObject = 44BFF67923D1632600098C9A /* Project object */;
}
